
Microsoft Visual Studio Solution File, Format Version 12.00
# Visual Studio Version 16
VisualStudioVersion = 16.0.29001.49
MinimumVisualStudioVersion = 10.0.40219.1
Project("{9A19103F-16F7-4668-BE54-9A1E7A4F7556}") = "VoiceBotAssistance", "VoiceBotAssistance\VoiceBotAssistance.csproj", "{20089F9B-9419-404F-908D-A600494B77ED}"
EndProject
Project("{9A19103F-16F7-4668-BE54-9A1E7A4F7556}") = "SpeechRecognitionLib", "SpeechRecognitionLib\SpeechRecognitionLib.csproj", "{23E24636-8759-48CC-BC4F-5D435E457C19}"
EndProject
Project("{9A19103F-16F7-4668-BE54-9A1E7A4F7556}") = "Utility", "Utility\Utility.csproj", "{B369A80B-BABC-4BB8-9574-DE0786627B3C}"
EndProject
Project("{FAE04EC0-301F-11D3-BF4B-00C04F79EFBC}") = "QandAService", "QandAService\QandAService.csproj", "{815E8D4A-07F7-4371-AF0D-A485BD730726}"
EndProject
Project("{2150E333-8FDC-42A3-9474-1A3956D46DE8}") = "Model", "Model", "{C76DD09E-EC73-412F-A131-A4C3530C9FDB}"
EndProject
Project("{FAE04EC0-301F-11D3-BF4B-00C04F79EFBC}") = "QNAServiceData", "Model\QNAServiceData.csproj", "{F3122CE5-8C74-4259-AEFA-DA86C11EE74B}"
EndProject
Global
	GlobalSection(SolutionConfigurationPlatforms) = preSolution
		Debug|Any CPU = Debug|Any CPU
		Debug|x64 = Debug|x64
		Release|Any CPU = Release|Any CPU
		Release|x64 = Release|x64
	EndGlobalSection
	GlobalSection(ProjectConfigurationPlatforms) = postSolution
		{20089F9B-9419-404F-908D-A600494B77ED}.Debug|Any CPU.ActiveCfg = Debug|Any CPU
		{20089F9B-9419-404F-908D-A600494B77ED}.Debug|Any CPU.Build.0 = Debug|Any CPU
		{20089F9B-9419-404F-908D-A600494B77ED}.Debug|x64.ActiveCfg = Debug|x64
		{20089F9B-9419-404F-908D-A600494B77ED}.Debug|x64.Build.0 = Debug|x64
		{20089F9B-9419-404F-908D-A600494B77ED}.Release|Any CPU.ActiveCfg = Release|Any CPU
		{20089F9B-9419-404F-908D-A600494B77ED}.Release|Any CPU.Build.0 = Release|Any CPU
		{20089F9B-9419-404F-908D-A600494B77ED}.Release|x64.ActiveCfg = Release|x64
		{20089F9B-9419-404F-908D-A600494B77ED}.Release|x64.Build.0 = Release|x64
		{23E24636-8759-48CC-BC4F-5D435E457C19}.Debug|Any CPU.ActiveCfg = Debug|Any CPU
		{23E24636-8759-48CC-BC4F-5D435E457C19}.Debug|Any CPU.Build.0 = Debug|Any CPU
		{23E24636-8759-48CC-BC4F-5D435E457C19}.Debug|x64.ActiveCfg = Debug|x64
		{23E24636-8759-48CC-BC4F-5D435E457C19}.Debug|x64.Build.0 = Debug|x64
		{23E24636-8759-48CC-BC4F-5D435E457C19}.Release|Any CPU.ActiveCfg = Release|Any CPU
		{23E24636-8759-48CC-BC4F-5D435E457C19}.Release|Any CPU.Build.0 = Release|Any CPU
		{23E24636-8759-48CC-BC4F-5D435E457C19}.Release|x64.ActiveCfg = Release|x64
		{23E24636-8759-48CC-BC4F-5D435E457C19}.Release|x64.Build.0 = Release|x64
		{B369A80B-BABC-4BB8-9574-DE0786627B3C}.Debug|Any CPU.ActiveCfg = Debug|Any CPU
		{B369A80B-BABC-4BB8-9574-DE0786627B3C}.Debug|Any CPU.Build.0 = Debug|Any CPU
		{B369A80B-BABC-4BB8-9574-DE0786627B3C}.Debug|x64.ActiveCfg = Debug|x64
		{B369A80B-BABC-4BB8-9574-DE0786627B3C}.Debug|x64.Build.0 = Debug|x64
		{B369A80B-BABC-4BB8-9574-DE0786627B3C}.Release|Any CPU.ActiveCfg = Release|Any CPU
		{B369A80B-BABC-4BB8-9574-DE0786627B3C}.Release|Any CPU.Build.0 = Release|Any CPU
		{B369A80B-BABC-4BB8-9574-DE0786627B3C}.Release|x64.ActiveCfg = Release|x64
		{B369A80B-BABC-4BB8-9574-DE0786627B3C}.Release|x64.Build.0 = Release|x64
		{815E8D4A-07F7-4371-AF0D-A485BD730726}.Debug|Any CPU.ActiveCfg = Debug|Any CPU
		{815E8D4A-07F7-4371-AF0D-A485BD730726}.Debug|Any CPU.Build.0 = Debug|Any CPU
		{815E8D4A-07F7-4371-AF0D-A485BD730726}.Debug|x64.ActiveCfg = Debug|Any CPU
		{815E8D4A-07F7-4371-AF0D-A485BD730726}.Debug|x64.Build.0 = Debug|Any CPU
		{815E8D4A-07F7-4371-AF0D-A485BD730726}.Release|Any CPU.ActiveCfg = Release|Any CPU
		{815E8D4A-07F7-4371-AF0D-A485BD730726}.Release|Any CPU.Build.0 = Release|Any CPU
		{815E8D4A-07F7-4371-AF0D-A485BD730726}.Release|x64.ActiveCfg = Release|Any CPU
		{815E8D4A-07F7-4371-AF0D-A485BD730726}.Release|x64.Build.0 = Release|Any CPU
		{F3122CE5-8C74-4259-AEFA-DA86C11EE74B}.Debug|Any CPU.ActiveCfg = Debug|Any CPU
		{F3122CE5-8C74-4259-AEFA-DA86C11EE74B}.Debug|Any CPU.Build.0 = Debug|Any CPU
		{F3122CE5-8C74-4259-AEFA-DA86C11EE74B}.Debug|x64.ActiveCfg = Debug|Any CPU
		{F3122CE5-8C74-4259-AEFA-DA86C11EE74B}.Debug|x64.Build.0 = Debug|Any CPU
		{F3122CE5-8C74-4259-AEFA-DA86C11EE74B}.Release|Any CPU.ActiveCfg = Release|Any CPU
		{F3122CE5-8C74-4259-AEFA-DA86C11EE74B}.Release|Any CPU.Build.0 = Release|Any CPU
		{F3122CE5-8C74-4259-AEFA-DA86C11EE74B}.Release|x64.ActiveCfg = Release|Any CPU
		{F3122CE5-8C74-4259-AEFA-DA86C11EE74B}.Release|x64.Build.0 = Release|Any CPU
	EndGlobalSection
	GlobalSection(SolutionProperties) = preSolution
		HideSolutionNode = FALSE
	EndGlobalSection
	GlobalSection(NestedProjects) = preSolution
		{F3122CE5-8C74-4259-AEFA-DA86C11EE74B} = {C76DD09E-EC73-412F-A131-A4C3530C9FDB}
	EndGlobalSection
	GlobalSection(ExtensibilityGlobals) = postSolution
		SolutionGuid = {9BD606D0-D025-4A07-99DA-4324C2F86F7D}
	EndGlobalSection
EndGlobal
